
Microsoft Visual Studio Solution File, Format Version 12.00
# Visual Studio Version 17
VisualStudioVersion = 17.1.32421.90
MinimumVisualStudioVersion = 10.0.40219.1
Project("{9A19103F-16F7-4668-BE54-9A1E7A4F7556}") = "StoreApp", "StoreApp\StoreApp.csproj", "{DD34F5EE-2866-4A2D-A165-438ED3E969B7}"
EndProject
Project("{2150E333-8FDC-42A3-9474-1A3956D46DE8}") = "Core", "Core", "{B55DA564-BC3B-4687-A471-952064B757E4}"
EndProject
Project("{2150E333-8FDC-42A3-9474-1A3956D46DE8}") = "Infrestructure", "Infrestructure", "{90AB9F14-9AB4-4EBE-90C0-DC6D0154691D}"
EndProject
Project("{9A19103F-16F7-4668-BE54-9A1E7A4F7556}") = "Domain", "Domain\Domain.csproj", "{96C173FE-791A-47DA-9808-18DE0401B9BC}"
EndProject
Project("{9A19103F-16F7-4668-BE54-9A1E7A4F7556}") = "Application", "Services\Application.csproj", "{80ACCD45-5567-4057-9A0D-B4B39F5F66A9}"
EndProject
Project("{9A19103F-16F7-4668-BE54-9A1E7A4F7556}") = "Abstractions", "Services.Abstractions\Abstractions.csproj", "{76F1F673-0B6D-4D7D-B587-32239D0D760D}"
EndProject
Project("{9A19103F-16F7-4668-BE54-9A1E7A4F7556}") = "Presentation", "Presentation\Presentation.csproj", "{DC66F132-454E-4289-9C53-9B37A6CD1907}"
EndProject
Project("{9A19103F-16F7-4668-BE54-9A1E7A4F7556}") = "Persistance", "Persistance\Persistance.csproj", "{61815E66-8C55-471B-970C-769187230A8C}"
EndProject
Global
	GlobalSection(SolutionConfigurationPlatforms) = preSolution
		Debug|Any CPU = Debug|Any CPU
		Release|Any CPU = Release|Any CPU
	EndGlobalSection
	GlobalSection(ProjectConfigurationPlatforms) = postSolution
		{DD34F5EE-2866-4A2D-A165-438ED3E969B7}.Debug|Any CPU.ActiveCfg = Debug|Any CPU
		{DD34F5EE-2866-4A2D-A165-438ED3E969B7}.Debug|Any CPU.Build.0 = Debug|Any CPU
		{DD34F5EE-2866-4A2D-A165-438ED3E969B7}.Release|Any CPU.ActiveCfg = Release|Any CPU
		{DD34F5EE-2866-4A2D-A165-438ED3E969B7}.Release|Any CPU.Build.0 = Release|Any CPU
		{96C173FE-791A-47DA-9808-18DE0401B9BC}.Debug|Any CPU.ActiveCfg = Debug|Any CPU
		{96C173FE-791A-47DA-9808-18DE0401B9BC}.Debug|Any CPU.Build.0 = Debug|Any CPU
		{96C173FE-791A-47DA-9808-18DE0401B9BC}.Release|Any CPU.ActiveCfg = Release|Any CPU
		{96C173FE-791A-47DA-9808-18DE0401B9BC}.Release|Any CPU.Build.0 = Release|Any CPU
		{80ACCD45-5567-4057-9A0D-B4B39F5F66A9}.Debug|Any CPU.ActiveCfg = Debug|Any CPU
		{80ACCD45-5567-4057-9A0D-B4B39F5F66A9}.Debug|Any CPU.Build.0 = Debug|Any CPU
		{80ACCD45-5567-4057-9A0D-B4B39F5F66A9}.Release|Any CPU.ActiveCfg = Release|Any CPU
		{80ACCD45-5567-4057-9A0D-B4B39F5F66A9}.Release|Any CPU.Build.0 = Release|Any CPU
		{76F1F673-0B6D-4D7D-B587-32239D0D760D}.Debug|Any CPU.ActiveCfg = Debug|Any CPU
		{76F1F673-0B6D-4D7D-B587-32239D0D760D}.Debug|Any CPU.Build.0 = Debug|Any CPU
		{76F1F673-0B6D-4D7D-B587-32239D0D760D}.Release|Any CPU.ActiveCfg = Release|Any CPU
		{76F1F673-0B6D-4D7D-B587-32239D0D760D}.Release|Any CPU.Build.0 = Release|Any CPU
		{DC66F132-454E-4289-9C53-9B37A6CD1907}.Debug|Any CPU.ActiveCfg = Debug|Any CPU
		{DC66F132-454E-4289-9C53-9B37A6CD1907}.Debug|Any CPU.Build.0 = Debug|Any CPU
		{DC66F132-454E-4289-9C53-9B37A6CD1907}.Release|Any CPU.ActiveCfg = Release|Any CPU
		{DC66F132-454E-4289-9C53-9B37A6CD1907}.Release|Any CPU.Build.0 = Release|Any CPU
		{61815E66-8C55-471B-970C-769187230A8C}.Debug|Any CPU.ActiveCfg = Debug|Any CPU
		{61815E66-8C55-471B-970C-769187230A8C}.Debug|Any CPU.Build.0 = Debug|Any CPU
		{61815E66-8C55-471B-970C-769187230A8C}.Release|Any CPU.ActiveCfg = Release|Any CPU
		{61815E66-8C55-471B-970C-769187230A8C}.Release|Any CPU.Build.0 = Release|Any CPU
	EndGlobalSection
	GlobalSection(SolutionProperties) = preSolution
		HideSolutionNode = FALSE
	EndGlobalSection
	GlobalSection(NestedProjects) = preSolution
		{96C173FE-791A-47DA-9808-18DE0401B9BC} = {B55DA564-BC3B-4687-A471-952064B757E4}
		{80ACCD45-5567-4057-9A0D-B4B39F5F66A9} = {B55DA564-BC3B-4687-A471-952064B757E4}
		{76F1F673-0B6D-4D7D-B587-32239D0D760D} = {B55DA564-BC3B-4687-A471-952064B757E4}
		{DC66F132-454E-4289-9C53-9B37A6CD1907} = {90AB9F14-9AB4-4EBE-90C0-DC6D0154691D}
		{61815E66-8C55-471B-970C-769187230A8C} = {90AB9F14-9AB4-4EBE-90C0-DC6D0154691D}
	EndGlobalSection
	GlobalSection(ExtensibilityGlobals) = postSolution
		SolutionGuid = {E389E5EE-C060-4FCE-882E-1D7D39397B17}
	EndGlobalSection
EndGlobal
